{
    "version": 3,
    "terraform_version": "0.8.2",
    "serial": 24,
    "lineage": "c474e6e5-6c29-48f9-9ad2-e041ea14720d",
    "modules": [
        {
            "path": [
                "root"
            ],
            "outputs": {
                "fqdn": {
                    "sensitive": false,
                    "type": "string",
                    "value": "cj-dev-vm.eastus.cloudapp.azure.com"
                }
            },
            "resources": {
                "azurerm_network_interface.default": {
                    "type": "azurerm_network_interface",
                    "depends_on": [
                        "azurerm_public_ip.default",
                        "azurerm_resource_group.default",
                        "azurerm_subnet.default"
                    ],
                    "primary": {
                        "id": "/subscriptions/02b63bc9-57ad-4b1c-8e88-9f4ca635969c/resourceGroups/azuredevrg/providers/Microsoft.Network/networkInterfaces/defaultnic",
                        "attributes": {
                            "applied_dns_servers.#": "0",
                            "dns_servers.#": "0",
                            "enable_ip_forwarding": "false",
                            "id": "/subscriptions/02b63bc9-57ad-4b1c-8e88-9f4ca635969c/resourceGroups/azuredevrg/providers/Microsoft.Network/networkInterfaces/defaultnic",
                            "ip_configuration.#": "1",
                            "ip_configuration.1369321709.load_balancer_backend_address_pools_ids.#": "0",
                            "ip_configuration.1369321709.load_balancer_inbound_nat_rules_ids.#": "0",
                            "ip_configuration.1369321709.name": "defaultnicconfig",
                            "ip_configuration.1369321709.private_ip_address": "",
                            "ip_configuration.1369321709.private_ip_address_allocation": "dynamic",
                            "ip_configuration.1369321709.public_ip_address_id": "/subscriptions/02b63bc9-57ad-4b1c-8e88-9f4ca635969c/resourceGroups/azuredevrg/providers/Microsoft.Network/publicIPAddresses/cj-dev-vm-ip",
                            "ip_configuration.1369321709.subnet_id": "/subscriptions/02b63bc9-57ad-4b1c-8e88-9f4ca635969c/resourceGroups/azuredevrg/providers/Microsoft.Network/virtualNetworks/azuredevnetwork/subnets/defaultsubnet",
                            "location": "eastus",
                            "name": "defaultnic",
                            "private_ip_address": "10.0.2.4",
                            "resource_group_name": "azuredevrg",
                            "tags.%": "0"
                        },
                        "meta": {},
                        "tainted": false
                    },
                    "deposed": [],
                    "provider": ""
                },
                "azurerm_network_security_group.default": {
                    "type": "azurerm_network_security_group",
                    "depends_on": [
                        "azurerm_resource_group.default"
                    ],
                    "primary": {
                        "id": "/subscriptions/02b63bc9-57ad-4b1c-8e88-9f4ca635969c/resourceGroups/azuredevrg/providers/Microsoft.Network/networkSecurityGroups/cj-dev-vm-sg",
                        "attributes": {
                            "id": "/subscriptions/02b63bc9-57ad-4b1c-8e88-9f4ca635969c/resourceGroups/azuredevrg/providers/Microsoft.Network/networkSecurityGroups/cj-dev-vm-sg",
                            "location": "eastus",
                            "name": "cj-dev-vm-sg",
                            "resource_group_name": "azuredevrg",
                            "security_rule.#": "0",
                            "tags.%": "1",
                            "tags.environment": "dev"
                        },
                        "meta": {},
                        "tainted": false
                    },
                    "deposed": [],
                    "provider": ""
                },
                "azurerm_network_security_rule.rdpRule": {
                    "type": "azurerm_network_security_rule",
                    "depends_on": [
                        "azurerm_network_security_group.default",
                        "azurerm_resource_group.default"
                    ],
                    "primary": {
                        "id": "/subscriptions/02b63bc9-57ad-4b1c-8e88-9f4ca635969c/resourceGroups/azuredevrg/providers/Microsoft.Network/networkSecurityGroups/cj-dev-vm-sg/securityRules/rdpRule",
                        "attributes": {
                            "access": "Allow",
                            "description": "",
                            "destination_address_prefix": "*",
                            "destination_port_range": "3389",
                            "direction": "Inbound",
                            "id": "/subscriptions/02b63bc9-57ad-4b1c-8e88-9f4ca635969c/resourceGroups/azuredevrg/providers/Microsoft.Network/networkSecurityGroups/cj-dev-vm-sg/securityRules/rdpRule",
                            "name": "rdpRule",
                            "network_security_group_name": "cj-dev-vm-sg",
                            "priority": "100",
                            "protocol": "Tcp",
                            "resource_group_name": "azuredevrg",
                            "source_address_prefix": "*",
                            "source_port_range": "*"
                        },
                        "meta": {},
                        "tainted": false
                    },
                    "deposed": [],
                    "provider": ""
                },
                "azurerm_network_security_rule.winrmRule": {
                    "type": "azurerm_network_security_rule",
                    "depends_on": [
                        "azurerm_network_security_group.default",
                        "azurerm_resource_group.default"
                    ],
                    "primary": {
                        "id": "/subscriptions/02b63bc9-57ad-4b1c-8e88-9f4ca635969c/resourceGroups/azuredevrg/providers/Microsoft.Network/networkSecurityGroups/cj-dev-vm-sg/securityRules/winrmRule",
                        "attributes": {
                            "access": "Allow",
                            "description": "",
                            "destination_address_prefix": "*",
                            "destination_port_range": "5986",
                            "direction": "Inbound",
                            "id": "/subscriptions/02b63bc9-57ad-4b1c-8e88-9f4ca635969c/resourceGroups/azuredevrg/providers/Microsoft.Network/networkSecurityGroups/cj-dev-vm-sg/securityRules/winrmRule",
                            "name": "winrmRule",
                            "network_security_group_name": "cj-dev-vm-sg",
                            "priority": "110",
                            "protocol": "Tcp",
                            "resource_group_name": "azuredevrg",
                            "source_address_prefix": "*",
                            "source_port_range": "*"
                        },
                        "meta": {},
                        "tainted": false
                    },
                    "deposed": [],
                    "provider": ""
                },
                "azurerm_public_ip.default": {
                    "type": "azurerm_public_ip",
                    "depends_on": [
                        "azurerm_resource_group.default"
                    ],
                    "primary": {
                        "id": "/subscriptions/02b63bc9-57ad-4b1c-8e88-9f4ca635969c/resourceGroups/azuredevrg/providers/Microsoft.Network/publicIPAddresses/cj-dev-vm-ip",
                        "attributes": {
                            "domain_name_label": "cj-dev-vm",
                            "fqdn": "cj-dev-vm.eastus.cloudapp.azure.com",
                            "id": "/subscriptions/02b63bc9-57ad-4b1c-8e88-9f4ca635969c/resourceGroups/azuredevrg/providers/Microsoft.Network/publicIPAddresses/cj-dev-vm-ip",
                            "location": "eastus",
                            "name": "cj-dev-vm-ip",
                            "public_ip_address_allocation": "dynamic",
                            "resource_group_name": "azuredevrg",
                            "tags.%": "0"
                        },
                        "meta": {},
                        "tainted": false
                    },
                    "deposed": [],
                    "provider": ""
                },
                "azurerm_resource_group.default": {
                    "type": "azurerm_resource_group",
                    "depends_on": [],
                    "primary": {
                        "id": "/subscriptions/02b63bc9-57ad-4b1c-8e88-9f4ca635969c/resourceGroups/azuredevrg",
                        "attributes": {
                            "id": "/subscriptions/02b63bc9-57ad-4b1c-8e88-9f4ca635969c/resourceGroups/azuredevrg",
                            "location": "eastus",
                            "name": "azuredevrg",
                            "tags.%": "0"
                        },
                        "meta": {},
                        "tainted": false
                    },
                    "deposed": [],
                    "provider": ""
                },
                "azurerm_storage_account.default": {
                    "type": "azurerm_storage_account",
                    "depends_on": [
                        "azurerm_resource_group.default"
                    ],
                    "primary": {
                        "id": "/subscriptions/02b63bc9-57ad-4b1c-8e88-9f4ca635969c/resourceGroups/azuredevrg/providers/Microsoft.Storage/storageAccounts/cjazuredevstorage",
                        "attributes": {
                            "account_kind": "Storage",
                            "account_type": "Standard_LRS",
                            "id": "/subscriptions/02b63bc9-57ad-4b1c-8e88-9f4ca635969c/resourceGroups/azuredevrg/providers/Microsoft.Storage/storageAccounts/cjazuredevstorage",
                            "location": "eastus",
                            "name": "cjazuredevstorage",
                            "primary_access_key": "gv44G7h9qasdM2bJMTtQjOZljTbXlS+Q3o+U6sWaSNh+dKd31GNp4AujHNed1YMcuk2OAeQFCNHRE/ngttsDAA==",
                            "primary_blob_endpoint": "https://cjazuredevstorage.blob.core.windows.net/",
                            "primary_file_endpoint": "https://cjazuredevstorage.file.core.windows.net/",
                            "primary_location": "eastus",
                            "primary_queue_endpoint": "https://cjazuredevstorage.queue.core.windows.net/",
                            "primary_table_endpoint": "https://cjazuredevstorage.table.core.windows.net/",
                            "resource_group_name": "azuredevrg",
                            "secondary_access_key": "KNb6Cq0spwAmUNlzr3kyI0M0bRkQVOEA1PX2SHuYUI65QAe/SXRmsBPJZzfsvVcsfD4z1cwsMW0SndKBnZpqHQ==",
                            "secondary_location": "",
                            "tags.%": "1",
                            "tags.environment": "dev"
                        },
                        "meta": {},
                        "tainted": false
                    },
                    "deposed": [],
                    "provider": ""
                },
                "azurerm_storage_container.default": {
                    "type": "azurerm_storage_container",
                    "depends_on": [
                        "azurerm_resource_group.default",
                        "azurerm_storage_account.default"
                    ],
                    "primary": {
                        "id": "defaultstoragecontainer",
                        "attributes": {
                            "container_access_type": "private",
                            "id": "defaultstoragecontainer",
                            "name": "defaultstoragecontainer",
                            "properties.%": "4",
                            "properties.last_modified": "Thu, 12 Jan 2017 00:08:02 GMT",
                            "properties.lease_duration": "",
                            "properties.lease_state": "available",
                            "properties.lease_status": "unlocked",
                            "resource_group_name": "azuredevrg",
                            "storage_account_name": "cjazuredevstorage"
                        },
                        "meta": {},
                        "tainted": false
                    },
                    "deposed": [],
                    "provider": ""
                },
                "azurerm_subnet.default": {
                    "type": "azurerm_subnet",
                    "depends_on": [
                        "azurerm_resource_group.default",
                        "azurerm_virtual_network.default"
                    ],
                    "primary": {
                        "id": "/subscriptions/02b63bc9-57ad-4b1c-8e88-9f4ca635969c/resourceGroups/azuredevrg/providers/Microsoft.Network/virtualNetworks/azuredevnetwork/subnets/defaultsubnet",
                        "attributes": {
                            "address_prefix": "10.0.2.0/24",
                            "id": "/subscriptions/02b63bc9-57ad-4b1c-8e88-9f4ca635969c/resourceGroups/azuredevrg/providers/Microsoft.Network/virtualNetworks/azuredevnetwork/subnets/defaultsubnet",
                            "ip_configurations.#": "0",
                            "name": "defaultsubnet",
                            "resource_group_name": "azuredevrg",
                            "virtual_network_name": "azuredevnetwork"
                        },
                        "meta": {},
                        "tainted": false
                    },
                    "deposed": [],
                    "provider": ""
                },
                "azurerm_virtual_machine.default": {
                    "type": "azurerm_virtual_machine",
                    "depends_on": [
                        "azurerm_network_interface.default",
                        "azurerm_resource_group.default",
                        "azurerm_storage_account.default",
                        "azurerm_storage_container.default"
                    ],
                    "primary": {
                        "id": "/subscriptions/02b63bc9-57ad-4b1c-8e88-9f4ca635969c/resourceGroups/azuredevrg/providers/Microsoft.Compute/virtualMachines/cj-dev-vm",
                        "attributes": {
                            "delete_data_disks_on_termination": "false",
                            "delete_os_disk_on_termination": "true",
                            "id": "/subscriptions/02b63bc9-57ad-4b1c-8e88-9f4ca635969c/resourceGroups/azuredevrg/providers/Microsoft.Compute/virtualMachines/cj-dev-vm",
                            "location": "eastus",
                            "name": "cj-dev-vm",
                            "network_interface_ids.#": "1",
                            "network_interface_ids.440016689": "/subscriptions/02b63bc9-57ad-4b1c-8e88-9f4ca635969c/resourceGroups/azuredevrg/providers/Microsoft.Network/networkInterfaces/defaultnic",
                            "os_profile.#": "1",
                            "os_profile.3560493886.admin_password": "",
                            "os_profile.3560493886.admin_username": "TestAdmin",
                            "os_profile.3560493886.computer_name": "cj-dev-vm",
                            "os_profile.3560493886.custom_data": "UGFyYW0oJFJlbW90ZUhvc3ROYW1lID0gImNqLWRldi12bS5lYXN0dXMuY2xvdWRhcHAuYXp1cmUuY29tIiwgJENvbXB1dGVyTmFtZSA9ICJjai1kZXYtdm0iLCAkV2luUm1Qb3J0ID0gNTk4NikgU3RhcnQtVHJhbnNjcmlwdCAtUGF0aCBDOlxEZXBsb3kuTG9nDQoNCldyaXRlLUhvc3QgIlNldHVwIFdpblJNIGZvciAkUmVtb3RlSG9zdE5hbWUiDQoNCiRDZXJ0ID0gTmV3LVNlbGZTaWduZWRDZXJ0aWZpY2F0ZSAtRG5zTmFtZSAkUmVtb3RlSG9zdE5hbWUsICRDb21wdXRlck5hbWUgYA0KICAgIC1DZXJ0U3RvcmVMb2NhdGlvbiAiY2VydDpcTG9jYWxNYWNoaW5lXE15Ig0KDQokQ2VydCB8IE91dC1TdHJpbmcNCg0KJFRodW1icHJpbnQgPSAkQ2VydC5UaHVtYnByaW50DQoNCldyaXRlLUhvc3QgIkVuYWJsZSBIVFRQUyBpbiBXaW5STSINCiRXaW5SbUh0dHBzID0gIkB7SG9zdG5hbWU9YCIkUmVtb3RlSG9zdE5hbWVgIjsgQ2VydGlmaWNhdGVUaHVtYnByaW50PWAiJFRodW1icHJpbnRgIn0iDQp3aW5ybSBjcmVhdGUgd2lucm0vY29uZmlnL0xpc3RlbmVyP0FkZHJlc3M9KitUcmFuc3BvcnQ9SFRUUFMgJFdpblJtSHR0cHMNCg0KV3JpdGUtSG9zdCAiU2V0IEJhc2ljIEF1dGggaW4gV2luUk0iDQokV2luUm1CYXNpYyA9ICJAe0Jhc2ljPWAidHJ1ZWAifSINCndpbnJtIHNldCB3aW5ybS9jb25maWcvc2VydmljZS9BdXRoICRXaW5SbUJhc2ljDQoNCldyaXRlLUhvc3QgIk9wZW4gRmlyZXdhbGwgUG9ydCINCm5ldHNoIGFkdmZpcmV3YWxsIGZpcmV3YWxsIGFkZCBydWxlIG5hbWU9IldpbmRvd3MgUmVtb3RlIE1hbmFnZW1lbnQgKEhUVFBTLUluKSIgZGlyPWluIGFjdGlvbj1hbGxvdyBwcm90b2NvbD1UQ1AgbG9jYWxwb3J0PSRXaW5SbVBvcnQNCg0KU3RvcC1UcmFuc2NyaXB0",
                            "os_profile_secrets.#": "0",
                            "os_profile_windows_config.#": "1",
                            "os_profile_windows_config.429474957.additional_unattend_config.#": "2",
                            "os_profile_windows_config.429474957.additional_unattend_config.0.component": "Microsoft-Windows-Shell-Setup",
                            "os_profile_windows_config.429474957.additional_unattend_config.0.content": "",
                            "os_profile_windows_config.429474957.additional_unattend_config.0.pass": "oobeSystem",
                            "os_profile_windows_config.429474957.additional_unattend_config.0.setting_name": "AutoLogon",
                            "os_profile_windows_config.429474957.additional_unattend_config.1.component": "Microsoft-Windows-Shell-Setup",
                            "os_profile_windows_config.429474957.additional_unattend_config.1.content": "",
                            "os_profile_windows_config.429474957.additional_unattend_config.1.pass": "oobeSystem",
                            "os_profile_windows_config.429474957.additional_unattend_config.1.setting_name": "FirstLogonCommands",
                            "os_profile_windows_config.429474957.enable_automatic_upgrades": "false",
                            "os_profile_windows_config.429474957.provision_vm_agent": "false",
                            "os_profile_windows_config.429474957.winrm.#": "0",
                            "resource_group_name": "azuredevrg",
                            "storage_data_disk.#": "0",
                            "storage_image_reference.#": "1",
                            "storage_image_reference.3272781951.offer": "VisualStudio",
                            "storage_image_reference.3272781951.publisher": "MicrosoftVisualStudio",
                            "storage_image_reference.3272781951.sku": "VS-2015-Comm-AzureSDK-2.9-WS2012R2",
                            "storage_image_reference.3272781951.version": "latest",
                            "storage_os_disk.#": "1",
                            "storage_os_disk.3679225792.caching": "ReadWrite",
                            "storage_os_disk.3679225792.create_option": "FromImage",
                            "storage_os_disk.3679225792.disk_size_gb": "0",
                            "storage_os_disk.3679225792.image_uri": "",
                            "storage_os_disk.3679225792.name": "myosdisk1",
                            "storage_os_disk.3679225792.os_type": "",
                            "storage_os_disk.3679225792.vhd_uri": "https://cjazuredevstorage.blob.core.windows.net/defaultstoragecontainer/vs2015dev.vhd",
                            "tags.%": "1",
                            "tags.environment": "dev",
                            "vm_size": "Standard_DS1_V2"
                        },
                        "meta": {},
                        "tainted": false
                    },
                    "deposed": [],
                    "provider": ""
                },
                "azurerm_virtual_network.default": {
                    "type": "azurerm_virtual_network",
                    "depends_on": [
                        "azurerm_resource_group.default"
                    ],
                    "primary": {
                        "id": "/subscriptions/02b63bc9-57ad-4b1c-8e88-9f4ca635969c/resourceGroups/azuredevrg/providers/Microsoft.Network/virtualNetworks/azuredevnetwork",
                        "attributes": {
                            "address_space.#": "1",
                            "address_space.0": "10.0.0.0/16",
                            "dns_servers.#": "0",
                            "id": "/subscriptions/02b63bc9-57ad-4b1c-8e88-9f4ca635969c/resourceGroups/azuredevrg/providers/Microsoft.Network/virtualNetworks/azuredevnetwork",
                            "location": "eastus",
                            "name": "azuredevnetwork",
                            "resource_group_name": "azuredevrg",
                            "subnet.#": "0",
                            "tags.%": "0"
                        },
                        "meta": {},
                        "tainted": false
                    },
                    "deposed": [],
                    "provider": ""
                }
            },
            "depends_on": []
        }
    ]
}
